
Microsoft Visual Studio Solution File, Format Version 12.00
# Visual Studio Version 16
VisualStudioVersion = 16.0.30225.117
MinimumVisualStudioVersion = 10.0.40219.1
Project("{FAE04EC0-301F-11D3-BF4B-00C04F79EFBC}") = "Micro4Win", "Micro4Win\Micro4Win.csproj", "{AA16AAA2-C60E-4750-B93F-D94F29B67D64}"
EndProject
Global
	GlobalSection(SolutionConfigurationPlatforms) = preSolution
		Debug|Any CPU = Debug|Any CPU
		Release|Any CPU = Release|Any CPU
	EndGlobalSection
	GlobalSection(ProjectConfigurationPlatforms) = postSolution
		{AA16AAA2-C60E-4750-B93F-D94F29B67D64}.Debug|Any CPU.ActiveCfg = Debug|Any CPU
		{AA16AAA2-C60E-4750-B93F-D94F29B67D64}.Debug|Any CPU.Build.0 = Debug|Any CPU
		{AA16AAA2-C60E-4750-B93F-D94F29B67D64}.Release|Any CPU.ActiveCfg = Release|Any CPU
		{AA16AAA2-C60E-4750-B93F-D94F29B67D64}.Release|Any CPU.Build.0 = Release|Any CPU
	EndGlobalSection
	GlobalSection(SolutionProperties) = preSolution
		HideSolutionNode = FALSE
	EndGlobalSection
	GlobalSection(ExtensibilityGlobals) = postSolution
		SolutionGuid = {81B7F69D-07CF-46BF-A48E-27B056D89722}
	EndGlobalSection
EndGlobal
